
Microsoft Visual Studio Solution File, Format Version 12.00
# Visual Studio 15
VisualStudioVersion = 15.0.28010.2026
MinimumVisualStudioVersion = 10.0.40219.1
Project("{FAE04EC0-301F-11D3-BF4B-00C04F79EFBC}") = "WebAplicationCore", "WebAplicationCore\WebAplicationCore.csproj", "{C9A7BE1B-4573-456C-96B6-FD1FBF1F33D5}"
EndProject
Project("{FAE04EC0-301F-11D3-BF4B-00C04F79EFBC}") = "WebAplicationCore.Business", "WebAplicationCore.Business\WebAplicationCore.Business.csproj", "{5B0AE9F7-F912-4AF0-B73B-D19AFB717A84}"
EndProject
Project("{FAE04EC0-301F-11D3-BF4B-00C04F79EFBC}") = "WebAplicationCore.Repository", "WebAplicationCore.Repository\WebAplicationCore.Repository.csproj", "{1A9C6ED6-B324-4FB7-BC57-CE10AC958BA8}"
EndProject
Project("{FAE04EC0-301F-11D3-BF4B-00C04F79EFBC}") = "WebAplicationCore.Models", "WebAplicationCore.Models\WebAplicationCore.Models.csproj", "{C1C8C836-2BE2-44F9-9B7A-BE3FBB03F6DD}"
EndProject
Global
	GlobalSection(SolutionConfigurationPlatforms) = preSolution
		Debug|Any CPU = Debug|Any CPU
		Release|Any CPU = Release|Any CPU
	EndGlobalSection
	GlobalSection(ProjectConfigurationPlatforms) = postSolution
		{C9A7BE1B-4573-456C-96B6-FD1FBF1F33D5}.Debug|Any CPU.ActiveCfg = Debug|Any CPU
		{C9A7BE1B-4573-456C-96B6-FD1FBF1F33D5}.Debug|Any CPU.Build.0 = Debug|Any CPU
		{C9A7BE1B-4573-456C-96B6-FD1FBF1F33D5}.Release|Any CPU.ActiveCfg = Release|Any CPU
		{C9A7BE1B-4573-456C-96B6-FD1FBF1F33D5}.Release|Any CPU.Build.0 = Release|Any CPU
		{5B0AE9F7-F912-4AF0-B73B-D19AFB717A84}.Debug|Any CPU.ActiveCfg = Debug|Any CPU
		{5B0AE9F7-F912-4AF0-B73B-D19AFB717A84}.Debug|Any CPU.Build.0 = Debug|Any CPU
		{5B0AE9F7-F912-4AF0-B73B-D19AFB717A84}.Release|Any CPU.ActiveCfg = Release|Any CPU
		{5B0AE9F7-F912-4AF0-B73B-D19AFB717A84}.Release|Any CPU.Build.0 = Release|Any CPU
		{1A9C6ED6-B324-4FB7-BC57-CE10AC958BA8}.Debug|Any CPU.ActiveCfg = Debug|Any CPU
		{1A9C6ED6-B324-4FB7-BC57-CE10AC958BA8}.Debug|Any CPU.Build.0 = Debug|Any CPU
		{1A9C6ED6-B324-4FB7-BC57-CE10AC958BA8}.Release|Any CPU.ActiveCfg = Release|Any CPU
		{1A9C6ED6-B324-4FB7-BC57-CE10AC958BA8}.Release|Any CPU.Build.0 = Release|Any CPU
		{C1C8C836-2BE2-44F9-9B7A-BE3FBB03F6DD}.Debug|Any CPU.ActiveCfg = Debug|Any CPU
		{C1C8C836-2BE2-44F9-9B7A-BE3FBB03F6DD}.Debug|Any CPU.Build.0 = Debug|Any CPU
		{C1C8C836-2BE2-44F9-9B7A-BE3FBB03F6DD}.Release|Any CPU.ActiveCfg = Release|Any CPU
		{C1C8C836-2BE2-44F9-9B7A-BE3FBB03F6DD}.Release|Any CPU.Build.0 = Release|Any CPU
	EndGlobalSection
	GlobalSection(SolutionProperties) = preSolution
		HideSolutionNode = FALSE
	EndGlobalSection
	GlobalSection(ExtensibilityGlobals) = postSolution
		SolutionGuid = {F7490574-1B99-426D-BD1A-C40DABDF4A5C}
	EndGlobalSection
EndGlobal
